
Microsoft Visual Studio Solution File, Format Version 12.00
# Visual Studio Version 16
VisualStudioVersion = 16.0.30523.141
MinimumVisualStudioVersion = 10.0.40219.1
Project("{FAE04EC0-301F-11D3-BF4B-00C04F79EFBC}") = "QuantumHello", "QuantumHello\QuantumHello.csproj", "{C2637D3C-EA4C-48C8-96AE-57DBF1A0F826}"
EndProject
Project("{FAE04EC0-301F-11D3-BF4B-00C04F79EFBC}") = "QuantumRNG", "QuantumRNG\QuantumRNG.csproj", "{F705FF3B-F358-4231-ACBC-A78F068905B6}"
EndProject
Project("{FAE04EC0-301F-11D3-BF4B-00C04F79EFBC}") = "ExploringSuperposition", "ExploringSuperposition\ExploringSuperposition.csproj", "{B3A0704F-4974-4DBD-B0E3-1F279BE5581C}"
EndProject
Global
	GlobalSection(SolutionConfigurationPlatforms) = preSolution
		Debug|Any CPU = Debug|Any CPU
		Release|Any CPU = Release|Any CPU
	EndGlobalSection
	GlobalSection(ProjectConfigurationPlatforms) = postSolution
		{C2637D3C-EA4C-48C8-96AE-57DBF1A0F826}.Debug|Any CPU.ActiveCfg = Debug|Any CPU
		{C2637D3C-EA4C-48C8-96AE-57DBF1A0F826}.Debug|Any CPU.Build.0 = Debug|Any CPU
		{C2637D3C-EA4C-48C8-96AE-57DBF1A0F826}.Release|Any CPU.ActiveCfg = Release|Any CPU
		{C2637D3C-EA4C-48C8-96AE-57DBF1A0F826}.Release|Any CPU.Build.0 = Release|Any CPU
		{F705FF3B-F358-4231-ACBC-A78F068905B6}.Debug|Any CPU.ActiveCfg = Debug|Any CPU
		{F705FF3B-F358-4231-ACBC-A78F068905B6}.Debug|Any CPU.Build.0 = Debug|Any CPU
		{F705FF3B-F358-4231-ACBC-A78F068905B6}.Release|Any CPU.ActiveCfg = Release|Any CPU
		{F705FF3B-F358-4231-ACBC-A78F068905B6}.Release|Any CPU.Build.0 = Release|Any CPU
		{B3A0704F-4974-4DBD-B0E3-1F279BE5581C}.Debug|Any CPU.ActiveCfg = Debug|Any CPU
		{B3A0704F-4974-4DBD-B0E3-1F279BE5581C}.Debug|Any CPU.Build.0 = Debug|Any CPU
		{B3A0704F-4974-4DBD-B0E3-1F279BE5581C}.Release|Any CPU.ActiveCfg = Release|Any CPU
		{B3A0704F-4974-4DBD-B0E3-1F279BE5581C}.Release|Any CPU.Build.0 = Release|Any CPU
	EndGlobalSection
	GlobalSection(SolutionProperties) = preSolution
		HideSolutionNode = FALSE
	EndGlobalSection
	GlobalSection(ExtensibilityGlobals) = postSolution
		SolutionGuid = {482192C3-237D-4318-941F-93EA69BB62D9}
	EndGlobalSection
EndGlobal
